
Microsoft Visual Studio Solution File, Format Version 12.00
# Visual Studio Version 17
VisualStudioVersion = 17.8.34525.116
MinimumVisualStudioVersion = 10.0.40219.1
Project("{FAE04EC0-301F-11D3-BF4B-00C04F79EFBC}") = "Lab 19 OOP Shostya", "Lab 19 OOP Shostya.csproj", "{A336B6BC-D5F7-4CEC-852F-2716674E3AF2}"
EndProject
Global
	GlobalSection(SolutionConfigurationPlatforms) = preSolution
		Debug|Any CPU = Debug|Any CPU
		Release|Any CPU = Release|Any CPU
	EndGlobalSection
	GlobalSection(ProjectConfigurationPlatforms) = postSolution
		{A336B6BC-D5F7-4CEC-852F-2716674E3AF2}.Debug|Any CPU.ActiveCfg = Debug|Any CPU
		{A336B6BC-D5F7-4CEC-852F-2716674E3AF2}.Debug|Any CPU.Build.0 = Debug|Any CPU
		{A336B6BC-D5F7-4CEC-852F-2716674E3AF2}.Release|Any CPU.ActiveCfg = Release|Any CPU
		{A336B6BC-D5F7-4CEC-852F-2716674E3AF2}.Release|Any CPU.Build.0 = Release|Any CPU
	EndGlobalSection
	GlobalSection(SolutionProperties) = preSolution
		HideSolutionNode = FALSE
	EndGlobalSection
	GlobalSection(ExtensibilityGlobals) = postSolution
		SolutionGuid = {8B963CE9-A6BC-48D1-A5B0-71FD0743A17C}
	EndGlobalSection
EndGlobal
